// !$*UTF8*$!
{
	archiveVersion = 1;
	classes = {
	};
	objectVersion = 55;
	objects = {

/* Begin PBXBuildFile section */
		B00F79BF27C1682D000468C2 /* ControlImageView.swift in Sources */ = {isa = PBXBuildFile; fileRef = B00F79BE27C1682D000468C2 /* ControlImageView.swift */; };
		B06855A427C0164F00DEFAEB /* PinchApp.swift in Sources */ = {isa = PBXBuildFile; fileRef = B06855A327C0164F00DEFAEB /* PinchApp.swift */; };
		B06855A627C0164F00DEFAEB /* ContentView.swift in Sources */ = {isa = PBXBuildFile; fileRef = B06855A527C0164F00DEFAEB /* ContentView.swift */; };
		B06855A827C0165000DEFAEB /* Assets.xcassets in Resources */ = {isa = PBXBuildFile; fileRef = B06855A727C0165000DEFAEB /* Assets.xcassets */; };
		B06855AB27C0165000DEFAEB /* Preview Assets.xcassets in Resources */ = {isa = PBXBuildFile; fileRef = B06855AA27C0165000DEFAEB /* Preview Assets.xcassets */; };
		B06855B527C0165000DEFAEB /* PinchTests.swift in Sources */ = {isa = PBXBuildFile; fileRef = B06855B427C0165000DEFAEB /* PinchTests.swift */; };
		B06855BF27C0165000DEFAEB /* PinchUITests.swift in Sources */ = {isa = PBXBuildFile; fileRef = B06855BE27C0165000DEFAEB /* PinchUITests.swift */; };
		B06855C127C0165000DEFAEB /* PinchUITestsLaunchTests.swift in Sources */ = {isa = PBXBuildFile; fileRef = B06855C027C0165000DEFAEB /* PinchUITestsLaunchTests.swift */; };
		B06855D227C08DCD00DEFAEB /* InfoPanelView.swift in Sources */ = {isa = PBXBuildFile; fileRef = B06855D127C08DCD00DEFAEB /* InfoPanelView.swift */; };
/* End PBXBuildFile section */

/* Begin PBXContainerItemProxy section */
		B06855B127C0165000DEFAEB /* PBXContainerItemProxy */ = {
			isa = PBXContainerItemProxy;
			containerPortal = B068559827C0164F00DEFAEB /* Project object */;
			proxyType = 1;
			remoteGlobalIDString = B068559F27C0164F00DEFAEB;
			remoteInfo = Pinch;
		};
		B06855BB27C0165000DEFAEB /* PBXContainerItemProxy */ = {
			isa = PBXContainerItemProxy;
			containerPortal = B068559827C0164F00DEFAEB /* Project object */;
			proxyType = 1;
			remoteGlobalIDString = B068559F27C0164F00DEFAEB;
			remoteInfo = Pinch;
		};
/* End PBXContainerItemProxy section */

/* Begin PBXFileReference section */
		B00F79BE27C1682D000468C2 /* ControlImageView.swift */ = {isa = PBXFileReference; lastKnownFileType = sourcecode.swift; path = ControlImageView.swift; sourceTree = "<group>"; };
		B06855A027C0164F00DEFAEB /* Pinch.app */ = {isa = PBXFileReference; explicitFileType = wrapper.application; includeInIndex = 0; path = Pinch.app; sourceTree = BUILT_PRODUCTS_DIR; };
		B06855A327C0164F00DEFAEB /* PinchApp.swift */ = {isa = PBXFileReference; lastKnownFileType = sourcecode.swift; path = PinchApp.swift; sourceTree = "<group>"; };
		B06855A527C0164F00DEFAEB /* ContentView.swift */ = {isa = PBXFileReference; lastKnownFileType = sourcecode.swift; path = ContentView.swift; sourceTree = "<group>"; };
		B06855A727C0165000DEFAEB /* Assets.xcassets */ = {isa = PBXFileReference; lastKnownFileType = folder.assetcatalog; path = Assets.xcassets; sourceTree = "<group>"; };
		B06855AA27C0165000DEFAEB /* Preview Assets.xcassets */ = {isa = PBXFileReference; lastKnownFileType = folder.assetcatalog; path = "Preview Assets.xcassets"; sourceTree = "<group>"; };
		B06855B027C0165000DEFAEB /* PinchTests.xctest */ = {isa = PBXFileReference; explicitFileType = wrapper.cfbundle; includeInIndex = 0; path = PinchTests.xctest; sourceTree = BUILT_PRODUCTS_DIR; };
		B06855B427C0165000DEFAEB /* PinchTests.swift */ = {isa = PBXFileReference; lastKnownFileType = sourcecode.swift; path = PinchTests.swift; sourceTree = "<group>"; };
		B06855BA27C0165000DEFAEB /* PinchUITests.xctest */ = {isa = PBXFileReference; explicitFileType = wrapper.cfbundle; includeInIndex = 0; path = PinchUITests.xctest; sourceTree = BUILT_PRODUCTS_DIR; };
		B06855BE27C0165000DEFAEB /* PinchUITests.swift */ = {isa = PBXFileReference; lastKnownFileType = sourcecode.swift; path = PinchUITests.swift; sourceTree = "<group>"; };
		B06855C027C0165000DEFAEB /* PinchUITestsLaunchTests.swift */ = {isa = PBXFileReference; lastKnownFileType = sourcecode.swift; path = PinchUITestsLaunchTests.swift; sourceTree = "<group>"; };
		B06855D127C08DCD00DEFAEB /* InfoPanelView.swift */ = {isa = PBXFileReference; lastKnownFileType = sourcecode.swift; path = InfoPanelView.swift; sourceTree = "<group>"; };
/* End PBXFileReference section */

/* Begin PBXFrameworksBuildPhase section */
		B068559D27C0164F00DEFAEB /* Frameworks */ = {
			isa = PBXFrameworksBuildPhase;
			buildActionMask = 2147483647;
			files = (
			);
			runOnlyForDeploymentPostprocessing = 0;
		};
		B06855AD27C0165000DEFAEB /* Frameworks */ = {
			isa = PBXFrameworksBuildPhase;
			buildActionMask = 2147483647;
			files = (
			);
			runOnlyForDeploymentPostprocessing = 0;
		};
		B06855B727C0165000DEFAEB /* Frameworks */ = {
			isa = PBXFrameworksBuildPhase;
			buildActionMask = 2147483647;
			files = (
			);
			runOnlyForDeploymentPostprocessing = 0;
		};
/* End PBXFrameworksBuildPhase section */

/* Begin PBXGroup section */
		B068559727C0164F00DEFAEB = {
			isa = PBXGroup;
			children = (
				B06855A227C0164F00DEFAEB /* Pinch */,
				B06855B327C0165000DEFAEB /* PinchTests */,
				B06855BD27C0165000DEFAEB /* PinchUITests */,
				B06855A127C0164F00DEFAEB /* Products */,
			);
			sourceTree = "<group>";
		};
		B06855A127C0164F00DEFAEB /* Products */ = {
			isa = PBXGroup;
			children = (
				B06855A027C0164F00DEFAEB /* Pinch.app */,
				B06855B027C0165000DEFAEB /* PinchTests.xctest */,
				B06855BA27C0165000DEFAEB /* PinchUITests.xctest */,
			);
			name = Products;
			sourceTree = "<group>";
		};
		B06855A227C0164F00DEFAEB /* Pinch */ = {
			isa = PBXGroup;
			children = (
				B06855D027C0186700DEFAEB /* Data */,
				B06855CF27C0186100DEFAEB /* Models */,
				B06855CE27C0185200DEFAEB /* Views */,
				B06855A327C0164F00DEFAEB /* PinchApp.swift */,
				B06855CD27C0183D00DEFAEB /* Screens */,
				B06855A727C0165000DEFAEB /* Assets.xcassets */,
				B06855A927C0165000DEFAEB /* Preview Content */,
			);
			path = Pinch;
			sourceTree = "<group>";
		};
		B06855A927C0165000DEFAEB /* Preview Content */ = {
			isa = PBXGroup;
			children = (
				B06855AA27C0165000DEFAEB /* Preview Assets.xcassets */,
			);
			path = "Preview Content";
			sourceTree = "<group>";
		};
		B06855B327C0165000DEFAEB /* PinchTests */ = {
			isa = PBXGroup;
			children = (
				B06855B427C0165000DEFAEB /* PinchTests.swift */,
			);
			path = PinchTests;
			sourceTree = "<group>";
		};
		B06855BD27C0165000DEFAEB /* PinchUITests */ = {
			isa = PBXGroup;
			children = (
				B06855BE27C0165000DEFAEB /* PinchUITests.swift */,
				B06855C027C0165000DEFAEB /* PinchUITestsLaunchTests.swift */,
			);
			path = PinchUITests;
			sourceTree = "<group>";
		};
		B06855CD27C0183D00DEFAEB /* Screens */ = {
			isa = PBXGroup;
			children = (
				B06855A527C0164F00DEFAEB /* ContentView.swift */,
			);
			path = Screens;
			sourceTree = "<group>";
		};
		B06855CE27C0185200DEFAEB /* Views */ = {
			isa = PBXGroup;
			children = (
				B06855D127C08DCD00DEFAEB /* InfoPanelView.swift */,
				B00F79BE27C1682D000468C2 /* ControlImageView.swift */,
			);
			path = Views;
			sourceTree = "<group>";
		};
		B06855CF27C0186100DEFAEB /* Models */ = {
			isa = PBXGroup;
			children = (
			);
			path = Models;
			sourceTree = "<group>";
		};
		B06855D027C0186700DEFAEB /* Data */ = {
			isa = PBXGroup;
			children = (
			);
			path = Data;
			sourceTree = "<group>";
		};
/* End PBXGroup section */

/* Begin PBXNativeTarget section */
		B068559F27C0164F00DEFAEB /* Pinch */ = {
			isa = PBXNativeTarget;
			buildConfigurationList = B06855C427C0165000DEFAEB /* Build configuration list for PBXNativeTarget "Pinch" */;
			buildPhases = (
				B068559C27C0164F00DEFAEB /* Sources */,
				B068559D27C0164F00DEFAEB /* Frameworks */,
				B068559E27C0164F00DEFAEB /* Resources */,
			);
			buildRules = (
			);
			dependencies = (
			);
			name = Pinch;
			productName = Pinch;
			productReference = B06855A027C0164F00DEFAEB /* Pinch.app */;
			productType = "com.apple.product-type.application";
		};
		B06855AF27C0165000DEFAEB /* PinchTests */ = {
			isa = PBXNativeTarget;
			buildConfigurationList = B06855C727C0165000DEFAEB /* Build configuration list for PBXNativeTarget "PinchTests" */;
			buildPhases = (
				B06855AC27C0165000DEFAEB /* Sources */,
				B06855AD27C0165000DEFAEB /* Frameworks */,
				B06855AE27C0165000DEFAEB /* Resources */,
			);
			buildRules = (
			);
			dependencies = (
				B06855B227C0165000DEFAEB /* PBXTargetDependency */,
			);
			name = PinchTests;
			productName = PinchTests;
			productReference = B06855B027C0165000DEFAEB /* PinchTests.xctest */;
			productType = "com.apple.product-type.bundle.unit-test";
		};
		B06855B927C0165000DEFAEB /* PinchUITests */ = {
			isa = PBXNativeTarget;
			buildConfigurationList = B06855CA27C0165000DEFAEB /* Build configuration list for PBXNativeTarget "PinchUITests" */;
			buildPhases = (
				B06855B627C0165000DEFAEB /* Sources */,
				B06855B727C0165000DEFAEB /* Frameworks */,
				B06855B827C0165000DEFAEB /* Resources */,
			);
			buildRules = (
			);
			dependencies = (
				B06855BC27C0165000DEFAEB /* PBXTargetDependency */,
			);
			name = PinchUITests;
			productName = PinchUITests;
			productReference = B06855BA27C0165000DEFAEB /* PinchUITests.xctest */;
			productType = "com.apple.product-type.bundle.ui-testing";
		};
/* End PBXNativeTarget section */

/* Begin PBXProject section */
		B068559827C0164F00DEFAEB /* Project object */ = {
			isa = PBXProject;
			attributes = {
				BuildIndependentTargetsInParallel = 1;
				LastSwiftUpdateCheck = 1320;
				LastUpgradeCheck = 1320;
				TargetAttributes = {
					B068559F27C0164F00DEFAEB = {
						CreatedOnToolsVersion = 13.2.1;
					};
					B06855AF27C0165000DEFAEB = {
						CreatedOnToolsVersion = 13.2.1;
						TestTargetID = B068559F27C0164F00DEFAEB;
					};
					B06855B927C0165000DEFAEB = {
						CreatedOnToolsVersion = 13.2.1;
						TestTargetID = B068559F27C0164F00DEFAEB;
					};
				};
			};
			buildConfigurationList = B068559B27C0164F00DEFAEB /* Build configuration list for PBXProject "Pinch" */;
			compatibilityVersion = "Xcode 13.0";
			developmentRegion = en;
			hasScannedForEncodings = 0;
			knownRegions = (
				en,
				Base,
			);
			mainGroup = B068559727C0164F00DEFAEB;
			productRefGroup = B06855A127C0164F00DEFAEB /* Products */;
			projectDirPath = "";
			projectRoot = "";
			targets = (
				B068559F27C0164F00DEFAEB /* Pinch */,
				B06855AF27C0165000DEFAEB /* PinchTests */,
				B06855B927C0165000DEFAEB /* PinchUITests */,
			);
		};
/* End PBXProject section */

/* Begin PBXResourcesBuildPhase section */
		B068559E27C0164F00DEFAEB /* Resources */ = {
			isa = PBXResourcesBuildPhase;
			buildActionMask = 2147483647;
			files = (
				B06855AB27C0165000DEFAEB /* Preview Assets.xcassets in Resources */,
				B06855A827C0165000DEFAEB /* Assets.xcassets in Resources */,
			);
			runOnlyForDeploymentPostprocessing = 0;
		};
		B06855AE27C0165000DEFAEB /* Resources */ = {
			isa = PBXResourcesBuildPhase;
			buildActionMask = 2147483647;
			files = (
			);
			runOnlyForDeploymentPostprocessing = 0;
		};
		B06855B827C0165000DEFAEB /* Resources */ = {
			isa = PBXResourcesBuildPhase;
			buildActionMask = 2147483647;
			files = (
			);
			runOnlyForDeploymentPostprocessing = 0;
		};
/* End PBXResourcesBuildPhase section */

/* Begin PBXSourcesBuildPhase section */
		B068559C27C0164F00DEFAEB /* Sources */ = {
			isa = PBXSourcesBuildPhase;
			buildActionMask = 2147483647;
			files = (
				B00F79BF27C1682D000468C2 /* ControlImageView.swift in Sources */,
				B06855A627C0164F00DEFAEB /* ContentView.swift in Sources */,
				B06855A427C0164F00DEFAEB /* PinchApp.swift in Sources */,
				B06855D227C08DCD00DEFAEB /* InfoPanelView.swift in Sources */,
			);
			runOnlyForDeploymentPostprocessing = 0;
		};
		B06855AC27C0165000DEFAEB /* Sources */ = {
			isa = PBXSourcesBuildPhase;
			buildActionMask = 2147483647;
			files = (
				B06855B527C0165000DEFAEB /* PinchTests.swift in Sources */,
			);
			runOnlyForDeploymentPostprocessing = 0;
		};
		B06855B627C0165000DEFAEB /* Sources */ = {
			isa = PBXSourcesBuildPhase;
			buildActionMask = 2147483647;
			files = (
				B06855BF27C0165000DEFAEB /* PinchUITests.swift in Sources */,
				B06855C127C0165000DEFAEB /* PinchUITestsLaunchTests.swift in Sources */,
			);
			runOnlyForDeploymentPostprocessing = 0;
		};
/* End PBXSourcesBuildPhase section */

/* Begin PBXTargetDependency section */
		B06855B227C0165000DEFAEB /* PBXTargetDependency */ = {
			isa = PBXTargetDependency;
			target = B068559F27C0164F00DEFAEB /* Pinch */;
			targetProxy = B06855B127C0165000DEFAEB /* PBXContainerItemProxy */;
		};
		B06855BC27C0165000DEFAEB /* PBXTargetDependency */ = {
			isa = PBXTargetDependency;
			target = B068559F27C0164F00DEFAEB /* Pinch */;
			targetProxy = B06855BB27C0165000DEFAEB /* PBXContainerItemProxy */;
		};
/* End PBXTargetDependency section */

/* Begin XCBuildConfiguration section */
		B06855C227C0165000DEFAEB /* Debug */ = {
			isa = XCBuildConfiguration;
			buildSettings = {
				ALWAYS_SEARCH_USER_PATHS = NO;
				CLANG_ANALYZER_NONNULL = YES;
				CLANG_ANALYZER_NUMBER_OBJECT_CONVERSION = YES_AGGRESSIVE;
				CLANG_CXX_LANGUAGE_STANDARD = "gnu++17";
				CLANG_CXX_LIBRARY = "libc++";
				CLANG_ENABLE_MODULES = YES;
				CLANG_ENABLE_OBJC_ARC = YES;
				CLANG_ENABLE_OBJC_WEAK = YES;
				CLANG_WARN_BLOCK_CAPTURE_AUTORELEASING = YES;
				CLANG_WARN_BOOL_CONVERSION = YES;
				CLANG_WARN_COMMA = YES;
				CLANG_WARN_CONSTANT_CONVERSION = YES;
				CLANG_WARN_DEPRECATED_OBJC_IMPLEMENTATIONS = YES;
				CLANG_WARN_DIRECT_OBJC_ISA_USAGE = YES_ERROR;
				CLANG_WARN_DOCUMENTATION_COMMENTS = YES;
				CLANG_WARN_EMPTY_BODY = YES;
				CLANG_WARN_ENUM_CONVERSION = YES;
				CLANG_WARN_INFINITE_RECURSION = YES;
				CLANG_WARN_INT_CONVERSION = YES;
				CLANG_WARN_NON_LITERAL_NULL_CONVERSION = YES;
				CLANG_WARN_OBJC_IMPLICIT_RETAIN_SELF = YES;
				CLANG_WARN_OBJC_LITERAL_CONVERSION = YES;
				CLANG_WARN_OBJC_ROOT_CLASS = YES_ERROR;
				CLANG_WARN_QUOTED_INCLUDE_IN_FRAMEWORK_HEADER = YES;
				CLANG_WARN_RANGE_LOOP_ANALYSIS = YES;
				CLANG_WARN_STRICT_PROTOTYPES = YES;
				CLANG_WARN_SUSPICIOUS_MOVE = YES;
				CLANG_WARN_UNGUARDED_AVAILABILITY = YES_AGGRESSIVE;
				CLANG_WARN_UNREACHABLE_CODE = YES;
				CLANG_WARN__DUPLICATE_METHOD_MATCH = YES;
				COPY_PHASE_STRIP = NO;
				DEBUG_INFORMATION_FORMAT = dwarf;
				ENABLE_STRICT_OBJC_MSGSEND = YES;
				ENABLE_TESTABILITY = YES;
				GCC_C_LANGUAGE_STANDARD = gnu11;
				GCC_DYNAMIC_NO_PIC = NO;
				GCC_NO_COMMON_BLOCKS = YES;
				GCC_OPTIMIZATION_LEVEL = 0;
				GCC_PREPROCESSOR_DEFINITIONS = (
					"DEBUG=1",
					"$(inherited)",
				);
				GCC_WARN_64_TO_32_BIT_CONVERSION = YES;
				GCC_WARN_ABOUT_RETURN_TYPE = YES_ERROR;
				GCC_WARN_UNDECLARED_SELECTOR = YES;
				GCC_WARN_UNINITIALIZED_AUTOS = YES_AGGRESSIVE;
				GCC_WARN_UNUSED_FUNCTION = YES;
				GCC_WARN_UNUSED_VARIABLE = YES;
				IPHONEOS_DEPLOYMENT_TARGET = 15.2;
				MTL_ENABLE_DEBUG_INFO = INCLUDE_SOURCE;
				MTL_FAST_MATH = YES;
				ONLY_ACTIVE_ARCH = YES;
				SDKROOT = iphoneos;
				SWIFT_ACTIVE_COMPILATION_CONDITIONS = DEBUG;
				SWIFT_OPTIMIZATION_LEVEL = "-Onone";
			};
			name = Debug;
		};
		B06855C327C0165000DEFAEB /* Release */ = {
			isa = XCBuildConfiguration;
			buildSettings = {
				ALWAYS_SEARCH_USER_PATHS = NO;
				CLANG_ANALYZER_NONNULL = YES;
				CLANG_ANALYZER_NUMBER_OBJECT_CONVERSION = YES_AGGRESSIVE;
				CLANG_CXX_LANGUAGE_STANDARD = "gnu++17";
				CLANG_CXX_LIBRARY = "libc++";
				CLANG_ENABLE_MODULES = YES;
				CLANG_ENABLE_OBJC_ARC = YES;
				CLANG_ENABLE_OBJC_WEAK = YES;
				CLANG_WARN_BLOCK_CAPTURE_AUTORELEASING = YES;
				CLANG_WARN_BOOL_CONVERSION = YES;
				CLANG_WARN_COMMA = YES;
				CLANG_WARN_CONSTANT_CONVERSION = YES;
				CLANG_WARN_DEPRECATED_OBJC_IMPLEMENTATIONS = YES;
				CLANG_WARN_DIRECT_OBJC_ISA_USAGE = YES_ERROR;
				CLANG_WARN_DOCUMENTATION_COMMENTS = YES;
				CLANG_WARN_EMPTY_BODY = YES;
				CLANG_WARN_ENUM_CONVERSION = YES;
				CLANG_WARN_INFINITE_RECURSION = YES;
				CLANG_WARN_INT_CONVERSION = YES;
				CLANG_WARN_NON_LITERAL_NULL_CONVERSION = YES;
				CLANG_WARN_OBJC_IMPLICIT_RETAIN_SELF = YES;
				CLANG_WARN_OBJC_LITERAL_CONVERSION = YES;
				CLANG_WARN_OBJC_ROOT_CLASS = YES_ERROR;
				CLANG_WARN_QUOTED_INCLUDE_IN_FRAMEWORK_HEADER = YES;
				CLANG_WARN_RANGE_LOOP_ANALYSIS = YES;
				CLANG_WARN_STRICT_PROTOTYPES = YES;
				CLANG_WARN_SUSPICIOUS_MOVE = YES;
				CLANG_WARN_UNGUARDED_AVAILABILITY = YES_AGGRESSIVE;
				CLANG_WARN_UNREACHABLE_CODE = YES;
				CLANG_WARN__DUPLICATE_METHOD_MATCH = YES;
				COPY_PHASE_STRIP = NO;
				DEBUG_INFORMATION_FORMAT = "dwarf-with-dsym";
				ENABLE_NS_ASSERTIONS = NO;
				ENABLE_STRICT_OBJC_MSGSEND = YES;
				GCC_C_LANGUAGE_STANDARD = gnu11;
				GCC_NO_COMMON_BLOCKS = YES;
				GCC_WARN_64_TO_32_BIT_CONVERSION = YES;
				GCC_WARN_ABOUT_RETURN_TYPE = YES_ERROR;
				GCC_WARN_UNDECLARED_SELECTOR = YES;
				GCC_WARN_UNINITIALIZED_AUTOS = YES_AGGRESSIVE;
				GCC_WARN_UNUSED_FUNCTION = YES;
				GCC_WARN_UNUSED_VARIABLE = YES;
				IPHONEOS_DEPLOYMENT_TARGET = 15.2;
				MTL_ENABLE_DEBUG_INFO = NO;
				MTL_FAST_MATH = YES;
				SDKROOT = iphoneos;
				SWIFT_COMPILATION_MODE = wholemodule;
				SWIFT_OPTIMIZATION_LEVEL = "-O";
				VALIDATE_PRODUCT = YES;
			};
			name = Release;
		};
		B06855C527C0165000DEFAEB /* Debug */ = {
			isa = XCBuildConfiguration;
			buildSettings = {
				ASSETCATALOG_COMPILER_APPICON_NAME = AppIcon;
				ASSETCATALOG_COMPILER_GLOBAL_ACCENT_COLOR_NAME = AccentColor;
				CODE_SIGN_STYLE = Automatic;
				CURRENT_PROJECT_VERSION = 1;
				DEVELOPMENT_ASSET_PATHS = "\"Pinch/Preview Content\"";
				DEVELOPMENT_TEAM = C72A7UPY3N;
				ENABLE_PREVIEWS = YES;
				GENERATE_INFOPLIST_FILE = YES;
				INFOPLIST_KEY_UIApplicationSceneManifest_Generation = YES;
				INFOPLIST_KEY_UIApplicationSupportsIndirectInputEvents = YES;
				INFOPLIST_KEY_UILaunchScreen_Generation = YES;
				INFOPLIST_KEY_UISupportedInterfaceOrientations = UIInterfaceOrientationPortrait;
				INFOPLIST_KEY_UISupportedInterfaceOrientations_iPad = "UIInterfaceOrientationPortrait UIInterfaceOrientationPortraitUpsideDown UIInterfaceOrientationLandscapeLeft UIInterfaceOrientationLandscapeRight";
				INFOPLIST_KEY_UISupportedInterfaceOrientations_iPhone = "UIInterfaceOrientationPortrait UIInterfaceOrientationLandscapeLeft UIInterfaceOrientationLandscapeRight";
				LD_RUNPATH_SEARCH_PATHS = (
					"$(inherited)",
					"@executable_path/Frameworks",
				);
				MARKETING_VERSION = 1.0;
				PRODUCT_BUNDLE_IDENTIFIER = com.gohopventure.Pinch;
				PRODUCT_NAME = "$(TARGET_NAME)";
				SWIFT_EMIT_LOC_STRINGS = YES;
				SWIFT_VERSION = 5.0;
				TARGETED_DEVICE_FAMILY = "1,2";
			};
			name = Debug;
		};
		B06855C627C0165000DEFAEB /* Release */ = {
			isa = XCBuildConfiguration;
			buildSettings = {
				ASSETCATALOG_COMPILER_APPICON_NAME = AppIcon;
				ASSETCATALOG_COMPILER_GLOBAL_ACCENT_COLOR_NAME = AccentColor;
				CODE_SIGN_STYLE = Automatic;
				CURRENT_PROJECT_VERSION = 1;
				DEVELOPMENT_ASSET_PATHS = "\"Pinch/Preview Content\"";
				DEVELOPMENT_TEAM = C72A7UPY3N;
				ENABLE_PREVIEWS = YES;
				GENERATE_INFOPLIST_FILE = YES;
				INFOPLIST_KEY_UIApplicationSceneManifest_Generation = YES;
				INFOPLIST_KEY_UIApplicationSupportsIndirectInputEvents = YES;
				INFOPLIST_KEY_UILaunchScreen_Generation = YES;
				INFOPLIST_KEY_UISupportedInterfaceOrientations = UIInterfaceOrientationPortrait;
				INFOPLIST_KEY_UISupportedInterfaceOrientations_iPad = "UIInterfaceOrientationPortrait UIInterfaceOrientationPortraitUpsideDown UIInterfaceOrientationLandscapeLeft UIInterfaceOrientationLandscapeRight";
				INFOPLIST_KEY_UISupportedInterfaceOrientations_iPhone = "UIInterfaceOrientationPortrait UIInterfaceOrientationLandscapeLeft UIInterfaceOrientationLandscapeRight";
				LD_RUNPATH_SEARCH_PATHS = (
					"$(inherited)",
					"@executable_path/Frameworks",
				);
				MARKETING_VERSION = 1.0;
				PRODUCT_BUNDLE_IDENTIFIER = com.gohopventure.Pinch;
				PRODUCT_NAME = "$(TARGET_NAME)";
				SWIFT_EMIT_LOC_STRINGS = YES;
				SWIFT_VERSION = 5.0;
				TARGETED_DEVICE_FAMILY = "1,2";
			};
			name = Release;
		};
		B06855C827C0165000DEFAEB /* Debug */ = {
			isa = XCBuildConfiguration;
			buildSettings = {
				ALWAYS_EMBED_SWIFT_STANDARD_LIBRARIES = YES;
				BUNDLE_LOADER = "$(TEST_HOST)";
				CODE_SIGN_STYLE = Automatic;
				CURRENT_PROJECT_VERSION = 1;
				DEVELOPMENT_TEAM = C72A7UPY3N;
				GENERATE_INFOPLIST_FILE = YES;
				IPHONEOS_DEPLOYMENT_TARGET = 15.2;
				MARKETING_VERSION = 1.0;
				PRODUCT_BUNDLE_IDENTIFIER = com.gohopventure.PinchTests;
				PRODUCT_NAME = "$(TARGET_NAME)";
				SWIFT_EMIT_LOC_STRINGS = NO;
				SWIFT_VERSION = 5.0;
				TARGETED_DEVICE_FAMILY = "1,2";
				TEST_HOST = "$(BUILT_PRODUCTS_DIR)/Pinch.app/Pinch";
			};
			name = Debug;
		};
		B06855C927C0165000DEFAEB /* Release */ = {
			isa = XCBuildConfiguration;
			buildSettings = {
				ALWAYS_EMBED_SWIFT_STANDARD_LIBRARIES = YES;
				BUNDLE_LOADER = "$(TEST_HOST)";
				CODE_SIGN_STYLE = Automatic;
				CURRENT_PROJECT_VERSION = 1;
				DEVELOPMENT_TEAM = C72A7UPY3N;
				GENERATE_INFOPLIST_FILE = YES;
				IPHONEOS_DEPLOYMENT_TARGET = 15.2;
				MARKETING_VERSION = 1.0;
				PRODUCT_BUNDLE_IDENTIFIER = com.gohopventure.PinchTests;
				PRODUCT_NAME = "$(TARGET_NAME)";
				SWIFT_EMIT_LOC_STRINGS = NO;
				SWIFT_VERSION = 5.0;
				TARGETED_DEVICE_FAMILY = "1,2";
				TEST_HOST = "$(BUILT_PRODUCTS_DIR)/Pinch.app/Pinch";
			};
			name = Release;
		};
		B06855CB27C0165000DEFAEB /* Debug */ = {
			isa = XCBuildConfiguration;
			buildSettings = {
				ALWAYS_EMBED_SWIFT_STANDARD_LIBRARIES = YES;
				CODE_SIGN_STYLE = Automatic;
				CURRENT_PROJECT_VERSION = 1;
				DEVELOPMENT_TEAM = C72A7UPY3N;
				GENERATE_INFOPLIST_FILE = YES;
				MARKETING_VERSION = 1.0;
				PRODUCT_BUNDLE_IDENTIFIER = com.gohopventure.PinchUITests;
				PRODUCT_NAME = "$(TARGET_NAME)";
				SWIFT_EMIT_LOC_STRINGS = NO;
				SWIFT_VERSION = 5.0;
				TARGETED_DEVICE_FAMILY = "1,2";
				TEST_TARGET_NAME = Pinch;
			};
			name = Debug;
		};
		B06855CC27C0165000DEFAEB /* Release */ = {
			isa = XCBuildConfiguration;
			buildSettings = {
				ALWAYS_EMBED_SWIFT_STANDARD_LIBRARIES = YES;
				CODE_SIGN_STYLE = Automatic;
				CURRENT_PROJECT_VERSION = 1;
				DEVELOPMENT_TEAM = C72A7UPY3N;
				GENERATE_INFOPLIST_FILE = YES;
				MARKETING_VERSION = 1.0;
				PRODUCT_BUNDLE_IDENTIFIER = com.gohopventure.PinchUITests;
				PRODUCT_NAME = "$(TARGET_NAME)";
				SWIFT_EMIT_LOC_STRINGS = NO;
				SWIFT_VERSION = 5.0;
				TARGETED_DEVICE_FAMILY = "1,2";
				TEST_TARGET_NAME = Pinch;
			};
			name = Release;
		};
/* End XCBuildConfiguration section */

/* Begin XCConfigurationList section */
		B068559B27C0164F00DEFAEB /* Build configuration list for PBXProject "Pinch" */ = {
			isa = XCConfigurationList;
			buildConfigurations = (
				B06855C227C0165000DEFAEB /* Debug */,
				B06855C327C0165000DEFAEB /* Release */,
			);
			defaultConfigurationIsVisible = 0;
			defaultConfigurationName = Release;
		};
		B06855C427C0165000DEFAEB /* Build configuration list for PBXNativeTarget "Pinch" */ = {
			isa = XCConfigurationList;
			buildConfigurations = (
				B06855C527C0165000DEFAEB /* Debug */,
				B06855C627C0165000DEFAEB /* Release */,
			);
			defaultConfigurationIsVisible = 0;
			defaultConfigurationName = Release;
		};
		B06855C727C0165000DEFAEB /* Build configuration list for PBXNativeTarget "PinchTests" */ = {
			isa = XCConfigurationList;
			buildConfigurations = (
				B06855C827C0165000DEFAEB /* Debug */,
				B06855C927C0165000DEFAEB /* Release */,
			);
			defaultConfigurationIsVisible = 0;
			defaultConfigurationName = Release;
		};
		B06855CA27C0165000DEFAEB /* Build configuration list for PBXNativeTarget "PinchUITests" */ = {
			isa = XCConfigurationList;
			buildConfigurations = (
				B06855CB27C0165000DEFAEB /* Debug */,
				B06855CC27C0165000DEFAEB /* Release */,
			);
			defaultConfigurationIsVisible = 0;
			defaultConfigurationName = Release;
		};
/* End XCConfigurationList section */
	};
	rootObject = B068559827C0164F00DEFAEB /* Project object */;
}
